
Microsoft Visual Studio Solution File, Format Version 12.00
# Visual Studio 14
VisualStudioVersion = 14.0.25123.0
MinimumVisualStudioVersion = 10.0.40219.1
Project("{4764C4E6-4F0C-4EA9-8218-C4D1182DC6AC}") = "Sitecore.Support.193751", "Sitecore.Support.193751\Sitecore.Support.193751.csproj", "{0E4F8CF3-CAA1-43D6-A0A4-87ED2D408159}"
EndProject
Global
	GlobalSection(SolutionConfigurationPlatforms) = preSolution
		Debug|Any CPU = Debug|Any CPU
		Release|Any CPU = Release|Any CPU
	EndGlobalSection
	GlobalSection(ProjectConfigurationPlatforms) = postSolution
		{0E4F8CF3-CAA1-43D6-A0A4-87ED2D408159}.Debug|Any CPU.ActiveCfg = Debug|Any CPU
		{0E4F8CF3-CAA1-43D6-A0A4-87ED2D408159}.Debug|Any CPU.Build.0 = Debug|Any CPU
		{0E4F8CF3-CAA1-43D6-A0A4-87ED2D408159}.Release|Any CPU.ActiveCfg = Release|Any CPU
		{0E4F8CF3-CAA1-43D6-A0A4-87ED2D408159}.Release|Any CPU.Build.0 = Release|Any CPU
	EndGlobalSection
	GlobalSection(SolutionProperties) = preSolution
		HideSolutionNode = FALSE
	EndGlobalSection
EndGlobal
